// !$*UTF8*$!
{
	archiveVersion = 1;
	classes = {
	};
	objectVersion = 46;
	objects = {

/* Begin PBXBuildFile section */
		132AB0061B6136F90032AC31 /* gkPak.cpp in Sources */ = {isa = PBXBuildFile; fileRef = 132AB0051B6136F90032AC31 /* gkPak.cpp */; };
/* End PBXBuildFile section */

/* Begin PBXCopyFilesBuildPhase section */
		132AAFF91B6136EA0032AC31 /* CopyFiles */ = {
			isa = PBXCopyFilesBuildPhase;
			buildActionMask = 2147483647;
			dstPath = /usr/share/man/man1/;
			dstSubfolderSpec = 0;
			files = (
			);
			runOnlyForDeploymentPostprocessing = 1;
		};
/* End PBXCopyFilesBuildPhase section */

/* Begin PBXFileReference section */
		132AAFFB1B6136EA0032AC31 /* gkPak */ = {isa = PBXFileReference; explicitFileType = "compiled.mach-o.executable"; includeInIndex = 0; path = gkPak; sourceTree = BUILT_PRODUCTS_DIR; };
		132AB0051B6136F90032AC31 /* gkPak.cpp */ = {isa = PBXFileReference; fileEncoding = 4; lastKnownFileType = sourcecode.cpp.cpp; name = gkPak.cpp; path = ../../../gkPak/gkPak.cpp; sourceTree = "<group>"; };
/* End PBXFileReference section */

/* Begin PBXFrameworksBuildPhase section */
		132AAFF81B6136EA0032AC31 /* Frameworks */ = {
			isa = PBXFrameworksBuildPhase;
			buildActionMask = 2147483647;
			files = (
			);
			runOnlyForDeploymentPostprocessing = 0;
		};
/* End PBXFrameworksBuildPhase section */

/* Begin PBXGroup section */
		132AAFF21B6136EA0032AC31 = {
			isa = PBXGroup;
			children = (
				132AAFFD1B6136EA0032AC31 /* gkPak */,
				132AAFFC1B6136EA0032AC31 /* Products */,
			);
			sourceTree = "<group>";
		};
		132AAFFC1B6136EA0032AC31 /* Products */ = {
			isa = PBXGroup;
			children = (
				132AAFFB1B6136EA0032AC31 /* gkPak */,
			);
			name = Products;
			sourceTree = "<group>";
		};
		132AAFFD1B6136EA0032AC31 /* gkPak */ = {
			isa = PBXGroup;
			children = (
				132AB0051B6136F90032AC31 /* gkPak.cpp */,
			);
			path = gkPak;
			sourceTree = "<group>";
		};
/* End PBXGroup section */

/* Begin PBXNativeTarget section */
		132AAFFA1B6136EA0032AC31 /* gkPak */ = {
			isa = PBXNativeTarget;
			buildConfigurationList = 132AB0021B6136EA0032AC31 /* Build configuration list for PBXNativeTarget "gkPak" */;
			buildPhases = (
				132AAFF71B6136EA0032AC31 /* Sources */,
				132AAFF81B6136EA0032AC31 /* Frameworks */,
				132AAFF91B6136EA0032AC31 /* CopyFiles */,
			);
			buildRules = (
			);
			dependencies = (
			);
			name = gkPak;
			productName = gkPak;
			productReference = 132AAFFB1B6136EA0032AC31 /* gkPak */;
			productType = "com.apple.product-type.tool";
		};
/* End PBXNativeTarget section */

/* Begin PBXProject section */
		132AAFF31B6136EA0032AC31 /* Project object */ = {
			isa = PBXProject;
			attributes = {
				LastUpgradeCheck = 0640;
				ORGANIZATIONNAME = TARSPowered;
				TargetAttributes = {
					132AAFFA1B6136EA0032AC31 = {
						CreatedOnToolsVersion = 6.4;
					};
				};
			};
			buildConfigurationList = 132AAFF61B6136EA0032AC31 /* Build configuration list for PBXProject "gkPak" */;
			compatibilityVersion = "Xcode 3.2";
			developmentRegion = English;
			hasScannedForEncodings = 0;
			knownRegions = (
				en,
			);
			mainGroup = 132AAFF21B6136EA0032AC31;
			productRefGroup = 132AAFFC1B6136EA0032AC31 /* Products */;
			projectDirPath = "";
			projectRoot = "";
			targets = (
				132AAFFA1B6136EA0032AC31 /* gkPak */,
			);
		};
/* End PBXProject section */

/* Begin PBXSourcesBuildPhase section */
		132AAFF71B6136EA0032AC31 /* Sources */ = {
			isa = PBXSourcesBuildPhase;
			buildActionMask = 2147483647;
			files = (
				132AB0061B6136F90032AC31 /* gkPak.cpp in Sources */,
			);
			runOnlyForDeploymentPostprocessing = 0;
		};
/* End PBXSourcesBuildPhase section */

/* Begin XCBuildConfiguration section */
		132AB0001B6136EA0032AC31 /* Debug */ = {
			isa = XCBuildConfiguration;
			buildSettings = {
				ALWAYS_SEARCH_USER_PATHS = NO;
				CLANG_CXX_LANGUAGE_STANDARD = "gnu++0x";
				CLANG_CXX_LIBRARY = "libc++";
				CLANG_ENABLE_MODULES = YES;
				CLANG_ENABLE_OBJC_ARC = YES;
				CLANG_WARN_BOOL_CONVERSION = YES;
				CLANG_WARN_CONSTANT_CONVERSION = YES;
				CLANG_WARN_DIRECT_OBJC_ISA_USAGE = YES_ERROR;
				CLANG_WARN_EMPTY_BODY = YES;
				CLANG_WARN_ENUM_CONVERSION = YES;
				CLANG_WARN_INT_CONVERSION = YES;
				CLANG_WARN_OBJC_ROOT_CLASS = YES_ERROR;
				CLANG_WARN_UNREACHABLE_CODE = YES;
				CLANG_WARN__DUPLICATE_METHOD_MATCH = YES;
				COPY_PHASE_STRIP = NO;
				DEBUG_INFORMATION_FORMAT = dwarf;
				ENABLE_STRICT_OBJC_MSGSEND = YES;
				GCC_C_LANGUAGE_STANDARD = gnu99;
				GCC_DYNAMIC_NO_PIC = NO;
				GCC_NO_COMMON_BLOCKS = YES;
				GCC_OPTIMIZATION_LEVEL = 0;
				GCC_PREPROCESSOR_DEFINITIONS = (
					"DEBUG=1",
					"$(inherited)",
				);
				GCC_SYMBOLS_PRIVATE_EXTERN = NO;
				GCC_WARN_64_TO_32_BIT_CONVERSION = YES;
				GCC_WARN_ABOUT_RETURN_TYPE = YES_ERROR;
				GCC_WARN_UNDECLARED_SELECTOR = YES;
				GCC_WARN_UNINITIALIZED_AUTOS = YES_AGGRESSIVE;
				GCC_WARN_UNUSED_FUNCTION = YES;
				GCC_WARN_UNUSED_VARIABLE = YES;
				MACOSX_DEPLOYMENT_TARGET = 10.10;
				MTL_ENABLE_DEBUG_INFO = YES;
				ONLY_ACTIVE_ARCH = YES;
				SDKROOT = macosx;
			};
			name = Debug;
		};
		132AB0011B6136EA0032AC31 /* Release */ = {
			isa = XCBuildConfiguration;
			buildSettings = {
				ALWAYS_SEARCH_USER_PATHS = NO;
				CLANG_CXX_LANGUAGE_STANDARD = "gnu++0x";
				CLANG_CXX_LIBRARY = "libc++";
				CLANG_ENABLE_MODULES = YES;
				CLANG_ENABLE_OBJC_ARC = YES;
				CLANG_WARN_BOOL_CONVERSION = YES;
				CLANG_WARN_CONSTANT_CONVERSION = YES;
				CLANG_WARN_DIRECT_OBJC_ISA_USAGE = YES_ERROR;
				CLANG_WARN_EMPTY_BODY = YES;
				CLANG_WARN_ENUM_CONVERSION = YES;
				CLANG_WARN_INT_CONVERSION = YES;
				CLANG_WARN_OBJC_ROOT_CLASS = YES_ERROR;
				CLANG_WARN_UNREACHABLE_CODE = YES;
				CLANG_WARN__DUPLICATE_METHOD_MATCH = YES;
				COPY_PHASE_STRIP = NO;
				DEBUG_INFORMATION_FORMAT = "dwarf-with-dsym";
				ENABLE_NS_ASSERTIONS = NO;
				ENABLE_STRICT_OBJC_MSGSEND = YES;
				GCC_C_LANGUAGE_STANDARD = gnu99;
				GCC_NO_COMMON_BLOCKS = YES;
				GCC_WARN_64_TO_32_BIT_CONVERSION = YES;
				GCC_WARN_ABOUT_RETURN_TYPE = YES_ERROR;
				GCC_WARN_UNDECLARED_SELECTOR = YES;
				GCC_WARN_UNINITIALIZED_AUTOS = YES_AGGRESSIVE;
				GCC_WARN_UNUSED_FUNCTION = YES;
				GCC_WARN_UNUSED_VARIABLE = YES;
				MACOSX_DEPLOYMENT_TARGET = 10.10;
				MTL_ENABLE_DEBUG_INFO = NO;
				SDKROOT = macosx;
			};
			name = Release;
		};
		132AB0031B6136EA0032AC31 /* Debug */ = {
			isa = XCBuildConfiguration;
			buildSettings = {
				HEADER_SEARCH_PATHS = (
					"$(SRCROOT)/../../../thirdparty",
					"$(SRCROOT)/../../../engine/gkCommon",
					"$(SRCROOT)/../../../thirdparty/lzma",
					"$(inherited)",
				);
				PRODUCT_NAME = "$(TARGET_NAME)";
			};
			name = Debug;
		};
		132AB0041B6136EA0032AC31 /* Release */ = {
			isa = XCBuildConfiguration;
			buildSettings = {
				HEADER_SEARCH_PATHS = (
					"$(SRCROOT)/../../../thirdparty",
					"$(SRCROOT)/../../../engine/gkCommon",
					"$(SRCROOT)/../../../thirdparty/lzma",
					"$(inherited)",
				);
				PRODUCT_NAME = "$(TARGET_NAME)";
			};
			name = Release;
		};
/* End XCBuildConfiguration section */

/* Begin XCConfigurationList section */
		132AAFF61B6136EA0032AC31 /* Build configuration list for PBXProject "gkPak" */ = {
			isa = XCConfigurationList;
			buildConfigurations = (
				132AB0001B6136EA0032AC31 /* Debug */,
				132AB0011B6136EA0032AC31 /* Release */,
			);
			defaultConfigurationIsVisible = 0;
			defaultConfigurationName = Release;
		};
		132AB0021B6136EA0032AC31 /* Build configuration list for PBXNativeTarget "gkPak" */ = {
			isa = XCConfigurationList;
			buildConfigurations = (
				132AB0031B6136EA0032AC31 /* Debug */,
				132AB0041B6136EA0032AC31 /* Release */,
			);
			defaultConfigurationIsVisible = 0;
		};
/* End XCConfigurationList section */
	};
	rootObject = 132AAFF31B6136EA0032AC31 /* Project object */;
}
