// !$*UTF8*$!
{
	archiveVersion = 1;
	classes = {
	};
	objectVersion = 46;
	objects = {

/* Begin PBXBuildFile section */
		13339DED1B664337004305A9 /* Alloc.c in Sources */ = {isa = PBXBuildFile; fileRef = 13339DDD1B664337004305A9 /* Alloc.c */; };
		13339DEE1B664337004305A9 /* Bcj2.c in Sources */ = {isa = PBXBuildFile; fileRef = 13339DDE1B664337004305A9 /* Bcj2.c */; };
		13339DEF1B664337004305A9 /* Bra.c in Sources */ = {isa = PBXBuildFile; fileRef = 13339DDF1B664337004305A9 /* Bra.c */; };
		13339DF01B664337004305A9 /* Bra86.c in Sources */ = {isa = PBXBuildFile; fileRef = 13339DE01B664337004305A9 /* Bra86.c */; };
		13339DF11B664337004305A9 /* BraIA64.c in Sources */ = {isa = PBXBuildFile; fileRef = 13339DE11B664337004305A9 /* BraIA64.c */; };
		13339DF21B664337004305A9 /* CpuArch.c in Sources */ = {isa = PBXBuildFile; fileRef = 13339DE21B664337004305A9 /* CpuArch.c */; };
		13339DF31B664337004305A9 /* Delta.c in Sources */ = {isa = PBXBuildFile; fileRef = 13339DE31B664337004305A9 /* Delta.c */; };
		13339DF41B664337004305A9 /* LzFind.c in Sources */ = {isa = PBXBuildFile; fileRef = 13339DE41B664337004305A9 /* LzFind.c */; };
		13339DF51B664337004305A9 /* Lzma2Dec.c in Sources */ = {isa = PBXBuildFile; fileRef = 13339DE51B664337004305A9 /* Lzma2Dec.c */; };
		13339DF61B664337004305A9 /* Lzma2Enc.c in Sources */ = {isa = PBXBuildFile; fileRef = 13339DE61B664337004305A9 /* Lzma2Enc.c */; };
		13339DF71B664337004305A9 /* Lzma86Dec.c in Sources */ = {isa = PBXBuildFile; fileRef = 13339DE71B664337004305A9 /* Lzma86Dec.c */; };
		13339DF81B664337004305A9 /* Lzma86Enc.c in Sources */ = {isa = PBXBuildFile; fileRef = 13339DE81B664337004305A9 /* Lzma86Enc.c */; };
		13339DF91B664337004305A9 /* LzmaDec.c in Sources */ = {isa = PBXBuildFile; fileRef = 13339DE91B664337004305A9 /* LzmaDec.c */; };
		13339DFA1B664337004305A9 /* LzmaEnc.c in Sources */ = {isa = PBXBuildFile; fileRef = 13339DEA1B664337004305A9 /* LzmaEnc.c */; };
		13339DFB1B664337004305A9 /* LzmaLib.c in Sources */ = {isa = PBXBuildFile; fileRef = 13339DEB1B664337004305A9 /* LzmaLib.c */; };
		13339DFC1B664337004305A9 /* Sha256.c in Sources */ = {isa = PBXBuildFile; fileRef = 13339DEC1B664337004305A9 /* Sha256.c */; };
		1386D6231B637BCC002F0FD9 /* gkPak.cpp in Sources */ = {isa = PBXBuildFile; fileRef = 1386D6221B637BCC002F0FD9 /* gkPak.cpp */; };
/* End PBXBuildFile section */

/* Begin PBXCopyFilesBuildPhase section */
		1386D6161B637B7E002F0FD9 /* CopyFiles */ = {
			isa = PBXCopyFilesBuildPhase;
			buildActionMask = 2147483647;
			dstPath = /usr/share/man/man1/;
			dstSubfolderSpec = 0;
			files = (
			);
			runOnlyForDeploymentPostprocessing = 1;
		};
/* End PBXCopyFilesBuildPhase section */

/* Begin PBXFileReference section */
		13339DDD1B664337004305A9 /* Alloc.c */ = {isa = PBXFileReference; fileEncoding = 4; lastKnownFileType = sourcecode.c.c; name = Alloc.c; path = ../../../thirdparty/lzma/Alloc.c; sourceTree = "<group>"; };
		13339DDE1B664337004305A9 /* Bcj2.c */ = {isa = PBXFileReference; fileEncoding = 4; lastKnownFileType = sourcecode.c.c; name = Bcj2.c; path = ../../../thirdparty/lzma/Bcj2.c; sourceTree = "<group>"; };
		13339DDF1B664337004305A9 /* Bra.c */ = {isa = PBXFileReference; fileEncoding = 4; lastKnownFileType = sourcecode.c.c; name = Bra.c; path = ../../../thirdparty/lzma/Bra.c; sourceTree = "<group>"; };
		13339DE01B664337004305A9 /* Bra86.c */ = {isa = PBXFileReference; fileEncoding = 4; lastKnownFileType = sourcecode.c.c; name = Bra86.c; path = ../../../thirdparty/lzma/Bra86.c; sourceTree = "<group>"; };
		13339DE11B664337004305A9 /* BraIA64.c */ = {isa = PBXFileReference; fileEncoding = 4; lastKnownFileType = sourcecode.c.c; name = BraIA64.c; path = ../../../thirdparty/lzma/BraIA64.c; sourceTree = "<group>"; };
		13339DE21B664337004305A9 /* CpuArch.c */ = {isa = PBXFileReference; fileEncoding = 4; lastKnownFileType = sourcecode.c.c; name = CpuArch.c; path = ../../../thirdparty/lzma/CpuArch.c; sourceTree = "<group>"; };
		13339DE31B664337004305A9 /* Delta.c */ = {isa = PBXFileReference; fileEncoding = 4; lastKnownFileType = sourcecode.c.c; name = Delta.c; path = ../../../thirdparty/lzma/Delta.c; sourceTree = "<group>"; };
		13339DE41B664337004305A9 /* LzFind.c */ = {isa = PBXFileReference; fileEncoding = 4; lastKnownFileType = sourcecode.c.c; name = LzFind.c; path = ../../../thirdparty/lzma/LzFind.c; sourceTree = "<group>"; };
		13339DE51B664337004305A9 /* Lzma2Dec.c */ = {isa = PBXFileReference; fileEncoding = 4; lastKnownFileType = sourcecode.c.c; name = Lzma2Dec.c; path = ../../../thirdparty/lzma/Lzma2Dec.c; sourceTree = "<group>"; };
		13339DE61B664337004305A9 /* Lzma2Enc.c */ = {isa = PBXFileReference; fileEncoding = 4; lastKnownFileType = sourcecode.c.c; name = Lzma2Enc.c; path = ../../../thirdparty/lzma/Lzma2Enc.c; sourceTree = "<group>"; };
		13339DE71B664337004305A9 /* Lzma86Dec.c */ = {isa = PBXFileReference; fileEncoding = 4; lastKnownFileType = sourcecode.c.c; name = Lzma86Dec.c; path = ../../../thirdparty/lzma/Lzma86Dec.c; sourceTree = "<group>"; };
		13339DE81B664337004305A9 /* Lzma86Enc.c */ = {isa = PBXFileReference; fileEncoding = 4; lastKnownFileType = sourcecode.c.c; name = Lzma86Enc.c; path = ../../../thirdparty/lzma/Lzma86Enc.c; sourceTree = "<group>"; };
		13339DE91B664337004305A9 /* LzmaDec.c */ = {isa = PBXFileReference; fileEncoding = 4; lastKnownFileType = sourcecode.c.c; name = LzmaDec.c; path = ../../../thirdparty/lzma/LzmaDec.c; sourceTree = "<group>"; };
		13339DEA1B664337004305A9 /* LzmaEnc.c */ = {isa = PBXFileReference; fileEncoding = 4; lastKnownFileType = sourcecode.c.c; name = LzmaEnc.c; path = ../../../thirdparty/lzma/LzmaEnc.c; sourceTree = "<group>"; };
		13339DEB1B664337004305A9 /* LzmaLib.c */ = {isa = PBXFileReference; fileEncoding = 4; lastKnownFileType = sourcecode.c.c; name = LzmaLib.c; path = ../../../thirdparty/lzma/LzmaLib.c; sourceTree = "<group>"; };
		13339DEC1B664337004305A9 /* Sha256.c */ = {isa = PBXFileReference; fileEncoding = 4; lastKnownFileType = sourcecode.c.c; name = Sha256.c; path = ../../../thirdparty/lzma/Sha256.c; sourceTree = "<group>"; };
		1386D6181B637B7E002F0FD9 /* gkPak */ = {isa = PBXFileReference; explicitFileType = "compiled.mach-o.executable"; includeInIndex = 0; path = gkPak; sourceTree = BUILT_PRODUCTS_DIR; };
		1386D6221B637BCC002F0FD9 /* gkPak.cpp */ = {isa = PBXFileReference; fileEncoding = 4; lastKnownFileType = sourcecode.cpp.cpp; path = gkPak.cpp; sourceTree = SOURCE_ROOT; };
/* End PBXFileReference section */

/* Begin PBXFrameworksBuildPhase section */
		1386D6151B637B7E002F0FD9 /* Frameworks */ = {
			isa = PBXFrameworksBuildPhase;
			buildActionMask = 2147483647;
			files = (
			);
			runOnlyForDeploymentPostprocessing = 0;
		};
/* End PBXFrameworksBuildPhase section */

/* Begin PBXGroup section */
		13339DDC1B6642D4004305A9 /* lzma */ = {
			isa = PBXGroup;
			children = (
				13339DDD1B664337004305A9 /* Alloc.c */,
				13339DDE1B664337004305A9 /* Bcj2.c */,
				13339DDF1B664337004305A9 /* Bra.c */,
				13339DE01B664337004305A9 /* Bra86.c */,
				13339DE11B664337004305A9 /* BraIA64.c */,
				13339DE21B664337004305A9 /* CpuArch.c */,
				13339DE31B664337004305A9 /* Delta.c */,
				13339DE41B664337004305A9 /* LzFind.c */,
				13339DE51B664337004305A9 /* Lzma2Dec.c */,
				13339DE61B664337004305A9 /* Lzma2Enc.c */,
				13339DE71B664337004305A9 /* Lzma86Dec.c */,
				13339DE81B664337004305A9 /* Lzma86Enc.c */,
				13339DE91B664337004305A9 /* LzmaDec.c */,
				13339DEA1B664337004305A9 /* LzmaEnc.c */,
				13339DEB1B664337004305A9 /* LzmaLib.c */,
				13339DEC1B664337004305A9 /* Sha256.c */,
			);
			name = lzma;
			sourceTree = "<group>";
		};
		1386D60F1B637B7E002F0FD9 = {
			isa = PBXGroup;
			children = (
				1386D61A1B637B7E002F0FD9 /* gkPak */,
				1386D6191B637B7E002F0FD9 /* Products */,
			);
			sourceTree = "<group>";
		};
		1386D6191B637B7E002F0FD9 /* Products */ = {
			isa = PBXGroup;
			children = (
				1386D6181B637B7E002F0FD9 /* gkPak */,
			);
			name = Products;
			sourceTree = "<group>";
		};
		1386D61A1B637B7E002F0FD9 /* gkPak */ = {
			isa = PBXGroup;
			children = (
				13339DDC1B6642D4004305A9 /* lzma */,
				1386D6221B637BCC002F0FD9 /* gkPak.cpp */,
			);
			path = gkPak;
			sourceTree = "<group>";
		};
/* End PBXGroup section */

/* Begin PBXNativeTarget section */
		1386D6171B637B7E002F0FD9 /* gkPak */ = {
			isa = PBXNativeTarget;
			buildConfigurationList = 1386D61F1B637B7E002F0FD9 /* Build configuration list for PBXNativeTarget "gkPak" */;
			buildPhases = (
				1386D6141B637B7E002F0FD9 /* Sources */,
				1386D6151B637B7E002F0FD9 /* Frameworks */,
				1386D6161B637B7E002F0FD9 /* CopyFiles */,
			);
			buildRules = (
			);
			dependencies = (
			);
			name = gkPak;
			productName = gkPak;
			productReference = 1386D6181B637B7E002F0FD9 /* gkPak */;
			productType = "com.apple.product-type.tool";
		};
/* End PBXNativeTarget section */

/* Begin PBXProject section */
		1386D6101B637B7E002F0FD9 /* Project object */ = {
			isa = PBXProject;
			attributes = {
				LastUpgradeCheck = 0640;
				ORGANIZATIONNAME = TARSPowered;
				TargetAttributes = {
					1386D6171B637B7E002F0FD9 = {
						CreatedOnToolsVersion = 6.4;
					};
				};
			};
			buildConfigurationList = 1386D6131B637B7E002F0FD9 /* Build configuration list for PBXProject "gkPak" */;
			compatibilityVersion = "Xcode 3.2";
			developmentRegion = English;
			hasScannedForEncodings = 0;
			knownRegions = (
				en,
			);
			mainGroup = 1386D60F1B637B7E002F0FD9;
			productRefGroup = 1386D6191B637B7E002F0FD9 /* Products */;
			projectDirPath = "";
			projectRoot = "";
			targets = (
				1386D6171B637B7E002F0FD9 /* gkPak */,
			);
		};
/* End PBXProject section */

/* Begin PBXSourcesBuildPhase section */
		1386D6141B637B7E002F0FD9 /* Sources */ = {
			isa = PBXSourcesBuildPhase;
			buildActionMask = 2147483647;
			files = (
				13339DF21B664337004305A9 /* CpuArch.c in Sources */,
				13339DF61B664337004305A9 /* Lzma2Enc.c in Sources */,
				13339DF51B664337004305A9 /* Lzma2Dec.c in Sources */,
				13339DEE1B664337004305A9 /* Bcj2.c in Sources */,
				13339DF91B664337004305A9 /* LzmaDec.c in Sources */,
				13339DFB1B664337004305A9 /* LzmaLib.c in Sources */,
				13339DF31B664337004305A9 /* Delta.c in Sources */,
				13339DF01B664337004305A9 /* Bra86.c in Sources */,
				13339DF81B664337004305A9 /* Lzma86Enc.c in Sources */,
				13339DF71B664337004305A9 /* Lzma86Dec.c in Sources */,
				1386D6231B637BCC002F0FD9 /* gkPak.cpp in Sources */,
				13339DF11B664337004305A9 /* BraIA64.c in Sources */,
				13339DED1B664337004305A9 /* Alloc.c in Sources */,
				13339DF41B664337004305A9 /* LzFind.c in Sources */,
				13339DEF1B664337004305A9 /* Bra.c in Sources */,
				13339DFA1B664337004305A9 /* LzmaEnc.c in Sources */,
				13339DFC1B664337004305A9 /* Sha256.c in Sources */,
			);
			runOnlyForDeploymentPostprocessing = 0;
		};
/* End PBXSourcesBuildPhase section */

/* Begin XCBuildConfiguration section */
		1386D61D1B637B7E002F0FD9 /* Debug */ = {
			isa = XCBuildConfiguration;
			buildSettings = {
				ALWAYS_SEARCH_USER_PATHS = NO;
				CLANG_CXX_LANGUAGE_STANDARD = "gnu++0x";
				CLANG_CXX_LIBRARY = "libc++";
				CLANG_ENABLE_MODULES = YES;
				CLANG_ENABLE_OBJC_ARC = YES;
				CLANG_WARN_BOOL_CONVERSION = YES;
				CLANG_WARN_CONSTANT_CONVERSION = YES;
				CLANG_WARN_DIRECT_OBJC_ISA_USAGE = YES_ERROR;
				CLANG_WARN_EMPTY_BODY = YES;
				CLANG_WARN_ENUM_CONVERSION = YES;
				CLANG_WARN_INT_CONVERSION = YES;
				CLANG_WARN_OBJC_ROOT_CLASS = YES_ERROR;
				CLANG_WARN_UNREACHABLE_CODE = YES;
				CLANG_WARN__DUPLICATE_METHOD_MATCH = YES;
				COPY_PHASE_STRIP = NO;
				DEBUG_INFORMATION_FORMAT = dwarf;
				ENABLE_STRICT_OBJC_MSGSEND = YES;
				GCC_C_LANGUAGE_STANDARD = gnu99;
				GCC_DYNAMIC_NO_PIC = NO;
				GCC_NO_COMMON_BLOCKS = YES;
				GCC_OPTIMIZATION_LEVEL = 0;
				GCC_PREPROCESSOR_DEFINITIONS = (
					"DEBUG=1",
					_7ZIP_ST,
					"$(inherited)",
				);
				GCC_SYMBOLS_PRIVATE_EXTERN = NO;
				GCC_WARN_64_TO_32_BIT_CONVERSION = YES;
				GCC_WARN_ABOUT_RETURN_TYPE = YES_ERROR;
				GCC_WARN_UNDECLARED_SELECTOR = YES;
				GCC_WARN_UNINITIALIZED_AUTOS = YES_AGGRESSIVE;
				GCC_WARN_UNUSED_FUNCTION = YES;
				GCC_WARN_UNUSED_VARIABLE = YES;
				HEADER_SEARCH_PATHS = (
					"$(inherited)",
					/Applications/Xcode.app/Contents/Developer/Toolchains/XcodeDefault.xctoolchain/usr/include,
					"$(SRCROOT)/../../engine/gkCommon",
					"$(SRCROOT)/../../thirdparty",
					"$(SRCROOT)/../../thirdparty/lzma",
				);
				LIBRARY_SEARCH_PATHS = "$(SRCROOT)/../../thirdparty/lzma";
				MACOSX_DEPLOYMENT_TARGET = 10.10;
				MTL_ENABLE_DEBUG_INFO = YES;
				ONLY_ACTIVE_ARCH = YES;
				SDKROOT = macosx;
			};
			name = Debug;
		};
		1386D61E1B637B7E002F0FD9 /* Release */ = {
			isa = XCBuildConfiguration;
			buildSettings = {
				ALWAYS_SEARCH_USER_PATHS = NO;
				CLANG_CXX_LANGUAGE_STANDARD = "gnu++0x";
				CLANG_CXX_LIBRARY = "libc++";
				CLANG_ENABLE_MODULES = YES;
				CLANG_ENABLE_OBJC_ARC = YES;
				CLANG_WARN_BOOL_CONVERSION = YES;
				CLANG_WARN_CONSTANT_CONVERSION = YES;
				CLANG_WARN_DIRECT_OBJC_ISA_USAGE = YES_ERROR;
				CLANG_WARN_EMPTY_BODY = YES;
				CLANG_WARN_ENUM_CONVERSION = YES;
				CLANG_WARN_INT_CONVERSION = YES;
				CLANG_WARN_OBJC_ROOT_CLASS = YES_ERROR;
				CLANG_WARN_UNREACHABLE_CODE = YES;
				CLANG_WARN__DUPLICATE_METHOD_MATCH = YES;
				COPY_PHASE_STRIP = NO;
				DEBUG_INFORMATION_FORMAT = "dwarf-with-dsym";
				ENABLE_NS_ASSERTIONS = NO;
				ENABLE_STRICT_OBJC_MSGSEND = YES;
				GCC_C_LANGUAGE_STANDARD = gnu99;
				GCC_NO_COMMON_BLOCKS = YES;
				GCC_PREPROCESSOR_DEFINITIONS = _7ZIP_ST;
				GCC_WARN_64_TO_32_BIT_CONVERSION = YES;
				GCC_WARN_ABOUT_RETURN_TYPE = YES_ERROR;
				GCC_WARN_UNDECLARED_SELECTOR = YES;
				GCC_WARN_UNINITIALIZED_AUTOS = YES_AGGRESSIVE;
				GCC_WARN_UNUSED_FUNCTION = YES;
				GCC_WARN_UNUSED_VARIABLE = YES;
				HEADER_SEARCH_PATHS = (
					"$(inherited)",
					/Applications/Xcode.app/Contents/Developer/Toolchains/XcodeDefault.xctoolchain/usr/include,
					"$(SRCROOT)/../../engine/gkCommon",
					"$(SRCROOT)/../../thirdparty",
					"$(SRCROOT)/../../thirdparty/lzma",
				);
				LIBRARY_SEARCH_PATHS = "$(SRCROOT)/../../thirdparty/lzma";
				MACOSX_DEPLOYMENT_TARGET = 10.10;
				MTL_ENABLE_DEBUG_INFO = NO;
				SDKROOT = macosx;
			};
			name = Release;
		};
		1386D6201B637B7E002F0FD9 /* Debug */ = {
			isa = XCBuildConfiguration;
			buildSettings = {
				LIBRARY_SEARCH_PATHS = "$(SRCROOT)/../../thirdparty";
				PRODUCT_NAME = "$(TARGET_NAME)";
			};
			name = Debug;
		};
		1386D6211B637B7E002F0FD9 /* Release */ = {
			isa = XCBuildConfiguration;
			buildSettings = {
				LIBRARY_SEARCH_PATHS = "$(SRCROOT)/../../thirdparty";
				PRODUCT_NAME = "$(TARGET_NAME)";
			};
			name = Release;
		};
/* End XCBuildConfiguration section */

/* Begin XCConfigurationList section */
		1386D6131B637B7E002F0FD9 /* Build configuration list for PBXProject "gkPak" */ = {
			isa = XCConfigurationList;
			buildConfigurations = (
				1386D61D1B637B7E002F0FD9 /* Debug */,
				1386D61E1B637B7E002F0FD9 /* Release */,
			);
			defaultConfigurationIsVisible = 0;
			defaultConfigurationName = Release;
		};
		1386D61F1B637B7E002F0FD9 /* Build configuration list for PBXNativeTarget "gkPak" */ = {
			isa = XCConfigurationList;
			buildConfigurations = (
				1386D6201B637B7E002F0FD9 /* Debug */,
				1386D6211B637B7E002F0FD9 /* Release */,
			);
			defaultConfigurationIsVisible = 0;
			defaultConfigurationName = Release;
		};
/* End XCConfigurationList section */
	};
	rootObject = 1386D6101B637B7E002F0FD9 /* Project object */;
}
